<?xml version="1.0" encoding="utf-8"?>
<Project ToolsVersion="4.0" xmlns="http://schemas.microsoft.com/developer/msbuild/2003">
  <ItemGroup>
    <Filter Include="Fichiers sources">
      <UniqueIdentifier>{4FC737F1-C7A5-4376-A066-2A32D752A2FF}</UniqueIdentifier>
      <Extensions>cpp;c;cc;cxx;def;odl;idl;hpj;bat;asm;asmx</Extensions>
    </Filter>
    <Filter Include="Fichiers d%27en-tête">
      <UniqueIdentifier>{93995380-89BD-4b04-88EB-625FBE52EBFB}</UniqueIdentifier>
      <Extensions>h;hh;hpp;hxx;hm;inl;inc;xsd</Extensions>
    </Filter>
    <Filter Include="Fichiers de ressources">
      <UniqueIdentifier>{67DA6AB6-F800-4c08-8B7A-83BB121AAD01}</UniqueIdentifier>
      <Extensions>rc;ico;cur;bmp;dlg;rc2;rct;bin;rgs;gif;jpg;jpeg;jpe;resx;tiff;tif;png;wav;mfcribbon-ms</Extensions>
    </Filter>
    <Filter Include="Fichiers d%27en-tête\Fusee">
      <UniqueIdentifier>{2537de4d-637f-4e1c-984d-c88d2407be34}</UniqueIdentifier>
    </Filter>
    <Filter Include="Fichiers d%27en-tête\Forme">
      <UniqueIdentifier>{d1b7c1f2-93a2-4b6f-ae49-b2cede8913e7}</UniqueIdentifier>
    </Filter>
    <Filter Include="Fichiers sources\Fusee">
      <UniqueIdentifier>{d3bc3dae-8fc6-4021-9b2e-0110b53f76e7}</UniqueIdentifier>
    </Filter>
    <Filter Include="Fichiers sources\Forme">
      <UniqueIdentifier>{9a239d68-81f2-4be9-b399-1c2df81d3abf}</UniqueIdentifier>
    </Filter>
  </ItemGroup>
  <ItemGroup>
    <None Include="..\TeamSkyreachers\Fusa\Sauvegarde.bin">
      <Filter>Fichiers de ressources</Filter>
    </None>
  </ItemGroup>
  <ItemGroup>
    <Media Include="..\TeamSkyreachers\Fusa\Soundtrack\Intro.wav">
      <Filter>Fichiers de ressources</Filter>
    </Media>
    <Media Include="..\TeamSkyreachers\Fusa\Soundtrack\MenuPrincipal.wav">
      <Filter>Fichiers de ressources</Filter>
    </Media>
  </ItemGroup>
  <ItemGroup>
    <ClInclude Include="Donnee.h">
      <Filter>Fichiers d%27en-tête</Filter>
    </ClInclude>
    <ClInclude Include="Cercle.h">
      <Filter>Fichiers d%27en-tête\Forme</Filter>
    </ClInclude>
    <ClInclude Include="Forme.h">
      <Filter>Fichiers d%27en-tête\Forme</Filter>
    </ClInclude>
    <ClInclude Include="Aileron.h">
      <Filter>Fichiers d%27en-tête\Fusee</Filter>
    </ClInclude>
    <ClInclude Include="Carburant.h">
      <Filter>Fichiers d%27en-tête\Fusee</Filter>
    </ClInclude>
    <ClInclude Include="ConePointe.h">
      <Filter>Fichiers d%27en-tête\Fusee</Filter>
    </ClInclude>
    <ClInclude Include="Cylindre.h">
      <Filter>Fichiers d%27en-tête\Fusee</Filter>
    </ClInclude>
    <ClInclude Include="Fusee.h">
      <Filter>Fichiers d%27en-tête\Fusee</Filter>
    </ClInclude>
    <ClInclude Include="Moteur.h">
      <Filter>Fichiers d%27en-tête\Fusee</Filter>
    </ClInclude>
    <ClInclude Include="Trajectoire.h">
      <Filter>Fichiers d%27en-tête\Fusee</Filter>
    </ClInclude>
    <ClInclude Include="ObjetPhysique.h">
      <Filter>Fichiers d%27en-tête\Fusee</Filter>
    </ClInclude>
  </ItemGroup>
  <ItemGroup>
    <ClCompile Include="Donnee.cpp">
      <Filter>Fichiers sources</Filter>
    </ClCompile>
    <ClCompile Include="main.cpp">
      <Filter>Fichiers sources</Filter>
    </ClCompile>
    <ClCompile Include="Formules.cpp">
      <Filter>Fichiers sources</Filter>
    </ClCompile>
    <ClCompile Include="Aileron.cpp">
      <Filter>Fichiers sources\Fusee</Filter>
    </ClCompile>
    <ClCompile Include="Carburant.cpp">
      <Filter>Fichiers sources\Fusee</Filter>
    </ClCompile>
    <ClCompile Include="ConePointe.cpp">
      <Filter>Fichiers sources\Fusee</Filter>
    </ClCompile>
    <ClCompile Include="Cylindre.cpp">
      <Filter>Fichiers sources\Fusee</Filter>
    </ClCompile>
    <ClCompile Include="Fusee.cpp">
      <Filter>Fichiers sources\Fusee</Filter>
    </ClCompile>
    <ClCompile Include="Moteur.cpp">
      <Filter>Fichiers sources\Fusee</Filter>
    </ClCompile>
    <ClCompile Include="ObjetPhysique.cpp">
      <Filter>Fichiers sources\Fusee</Filter>
    </ClCompile>
    <ClCompile Include="Trajectoire.cpp">
      <Filter>Fichiers sources\Fusee</Filter>
    </ClCompile>
    <ClCompile Include="Cercle.cpp">
      <Filter>Fichiers sources\Forme</Filter>
    </ClCompile>
    <ClCompile Include="Forme.cpp">
      <Filter>Fichiers sources\Forme</Filter>
    </ClCompile>
  </ItemGroup>
</Project>