<?xml version="1.0" encoding="utf-8"?>
<Project ToolsVersion="4.0" xmlns="http://schemas.microsoft.com/developer/msbuild/2003">
  <ItemGroup>
    <Filter Include="Fichiers sources">
      <UniqueIdentifier>{4FC737F1-C7A5-4376-A066-2A32D752A2FF}</UniqueIdentifier>
      <Extensions>cpp;c;cc;cxx;def;odl;idl;hpj;bat;asm;asmx</Extensions>
    </Filter>
    <Filter Include="Fichiers d%27en-tête">
      <UniqueIdentifier>{93995380-89BD-4b04-88EB-625FBE52EBFB}</UniqueIdentifier>
      <Extensions>h;hh;hpp;hxx;hm;inl;inc;xsd</Extensions>
    </Filter>
    <Filter Include="Fichiers de ressources">
      <UniqueIdentifier>{67DA6AB6-F800-4c08-8B7A-83BB121AAD01}</UniqueIdentifier>
      <Extensions>rc;ico;cur;bmp;dlg;rc2;rct;bin;rgs;gif;jpg;jpeg;jpe;resx;tiff;tif;png;wav;mfcribbon-ms</Extensions>
    </Filter>
    <Filter Include="Fichiers d%27en-tête\Fusee">
      <UniqueIdentifier>{2537de4d-637f-4e1c-984d-c88d2407be34}</UniqueIdentifier>
    </Filter>
    <Filter Include="Fichiers sources\Fusee">
      <UniqueIdentifier>{b3e1273e-1c9a-4d65-b7ad-84096a5fb599}</UniqueIdentifier>
    </Filter>
  </ItemGroup>
  <ItemGroup>
    <None Include="..\TeamSkyreachers\Fusa\Sauvegarde.bin">
      <Filter>Fichiers de ressources</Filter>
    </None>
  </ItemGroup>
  <ItemGroup>
    <Media Include="..\TeamSkyreachers\Fusa\Soundtrack\Intro.wav">
      <Filter>Fichiers de ressources</Filter>
    </Media>
    <Media Include="..\TeamSkyreachers\Fusa\Soundtrack\MenuPrincipal.wav">
      <Filter>Fichiers de ressources</Filter>
    </Media>
  </ItemGroup>
  <ItemGroup>
    <ClInclude Include="include\Donnee.h">
      <Filter>Fichiers d%27en-tête</Filter>
    </ClInclude>
    <ClInclude Include="include\ObjetPhysique.h">
      <Filter>Fichiers d%27en-tête</Filter>
    </ClInclude>
    <ClInclude Include="include\Aileron.h">
      <Filter>Fichiers d%27en-tête\Fusee</Filter>
    </ClInclude>
    <ClInclude Include="include\Carburant.h">
      <Filter>Fichiers d%27en-tête\Fusee</Filter>
    </ClInclude>
    <ClInclude Include="include\Cylindre.h">
      <Filter>Fichiers d%27en-tête\Fusee</Filter>
    </ClInclude>
    <ClInclude Include="include\Fusee.h">
      <Filter>Fichiers d%27en-tête\Fusee</Filter>
    </ClInclude>
    <ClInclude Include="include\Pointe.h">
      <Filter>Fichiers d%27en-tête\Fusee</Filter>
    </ClInclude>
    <ClInclude Include="include\Trajectoire.h">
      <Filter>Fichiers d%27en-tête\Fusee</Filter>
    </ClInclude>
    <ClInclude Include="include\Moteur.h">
      <Filter>Fichiers d%27en-tête\Fusee</Filter>
    </ClInclude>
  </ItemGroup>
  <ItemGroup>
    <ClCompile Include="src\Formules.cpp">
      <Filter>Fichiers sources</Filter>
    </ClCompile>
    <ClCompile Include="src\main.cpp">
      <Filter>Fichiers sources</Filter>
    </ClCompile>
    <ClCompile Include="src\ObjetPhysique.cpp">
      <Filter>Fichiers sources</Filter>
    </ClCompile>
    <ClCompile Include="src\Donnee.cpp">
      <Filter>Fichiers sources</Filter>
    </ClCompile>
    <ClCompile Include="src\Aileron.cpp">
      <Filter>Fichiers sources\Fusee</Filter>
    </ClCompile>
    <ClCompile Include="src\Carburant.cpp">
      <Filter>Fichiers sources\Fusee</Filter>
    </ClCompile>
    <ClCompile Include="src\Cylindre.cpp">
      <Filter>Fichiers sources\Fusee</Filter>
    </ClCompile>
    <ClCompile Include="src\Fusee.cpp">
      <Filter>Fichiers sources\Fusee</Filter>
    </ClCompile>
    <ClCompile Include="src\Moteur.cpp">
      <Filter>Fichiers sources\Fusee</Filter>
    </ClCompile>
    <ClCompile Include="src\Trajectoire.cpp">
      <Filter>Fichiers sources\Fusee</Filter>
    </ClCompile>
    <ClCompile Include="src\Pointe.cpp">
      <Filter>Fichiers sources\Fusee</Filter>
    </ClCompile>
  </ItemGroup>
</Project>